PODS:
  - Supervisor (0.1.0):
    - Supervisor/SupervisorLogger (= 0.1.0)
  - Supervisor/SupervisorLogger (0.1.0)

DEPENDENCIES:
  - Supervisor (from `../`)

EXTERNAL SOURCES:
  Supervisor:
    :path: "../"

SPEC CHECKSUMS:
  Supervisor: ed83bcd392596abbb4dad49b9c8b934bb3cf740d

PODFILE CHECKSUM: f69833fb204126afe49d5626521401e522656be9

COCOAPODS: 1.8.4
